
Microsoft Visual Studio Solution File, Format Version 12.00
# Visual Studio 15
VisualStudioVersion = 15.0.28010.2048
MinimumVisualStudioVersion = 10.0.40219.1
Project("{FAE04EC0-301F-11D3-BF4B-00C04F79EFBC}") = "HttpCliente-Test", "HttpCliente-Basico\HttpCliente-Test.csproj", "{FA65F6C0-C4F6-4444-8609-560995839112}"
EndProject
Global
	GlobalSection(SolutionConfigurationPlatforms) = preSolution
		Debug|Any CPU = Debug|Any CPU
		Release|Any CPU = Release|Any CPU
	EndGlobalSection
	GlobalSection(ProjectConfigurationPlatforms) = postSolution
		{FA65F6C0-C4F6-4444-8609-560995839112}.Debug|Any CPU.ActiveCfg = Debug|Any CPU
		{FA65F6C0-C4F6-4444-8609-560995839112}.Debug|Any CPU.Build.0 = Debug|Any CPU
		{FA65F6C0-C4F6-4444-8609-560995839112}.Release|Any CPU.ActiveCfg = Release|Any CPU
		{FA65F6C0-C4F6-4444-8609-560995839112}.Release|Any CPU.Build.0 = Release|Any CPU
	EndGlobalSection
	GlobalSection(SolutionProperties) = preSolution
		HideSolutionNode = FALSE
	EndGlobalSection
	GlobalSection(ExtensibilityGlobals) = postSolution
		SolutionGuid = {D9BD1E67-9C1F-4030-A200-0F171F0851DC}
	EndGlobalSection
EndGlobal
